{
  "nodes": {
    "nixpkgs": {
      "locked": {
        "lastModified": 1788614874,
        "narHash": "sha256-7QYjT2vHLuX9Z1pdxHXDKCbh1CR3D/2rywB9Tx0MPRg=",
        "owner": "NixOS",
        "repo": "nixpkgs",
        "rev": "c043004d1c6985732bcc1cbc5a9c9aecbbb4e0f0",
        "type": "github"
      },
      "original": {
        "owner": "NixOS",
        "repo": "nixpkgs",
        "rev": "c043004d1c6985732bcc1cbc5a9c9aecbbb4e0f0",
        "type": "github"
      }
    },
    "nixpkgs-darwin-x64": {
      "locked": {
        "lastModified": 1791447531,
        "narHash": "sha256-AsoGS8G2y3shwAtQWQhgV4Fa3uw6qzFejfqSblOGkhE=",
        "owner": "NixOS",
        "repo": "nixpkgs",
        "rev": "55afc4c3adc7194df3b96d43b7d18bf8131bfcfa",
        "type": "github"
      },
      "original": {
        "owner": "NixOS",
        "repo": "nixpkgs",
        "rev": "55afc4c3adc7194df3b96d43b7d18bf8131bfcfa",
        "type": "github"
      }
    },
    "root": {
      "inputs": {
        "nixpkgs": "nixpkgs",
        "nixpkgs-darwin-x64": "nixpkgs-darwin-x64"
      }
    }
  },
  "root": "root",
  "version": 7
}
